
Microsoft Visual Studio Solution File, Format Version 12.00
# Visual Studio Version 17
VisualStudioVersion = 17.3.32901.215
MinimumVisualStudioVersion = 10.0.40219.1
Project("{9A19103F-16F7-4668-BE54-9A1E7A4F7556}") = "LibreriaDeClases", "LibreriaDeClases\LibreriaDeClases.csproj", "{9984B63A-149E-4A3F-A436-C9850EF055F2}"
EndProject
Project("{9A19103F-16F7-4668-BE54-9A1E7A4F7556}") = "LibreriaDeClasesTests", "LibreriaDeClasesTests\LibreriaDeClasesTests.csproj", "{32185C3F-3D39-4088-A011-1F01555D9C74}"
EndProject
Project("{FAE04EC0-301F-11D3-BF4B-00C04F79EFBC}") = "DBDatos", "DBDatos\DBDatos.csproj", "{991EDD38-5FAF-4712-84DB-BF66F17F3FFB}"
EndProject
Global
	GlobalSection(SolutionConfigurationPlatforms) = preSolution
		Debug|Any CPU = Debug|Any CPU
		Release|Any CPU = Release|Any CPU
	EndGlobalSection
	GlobalSection(ProjectConfigurationPlatforms) = postSolution
		{9984B63A-149E-4A3F-A436-C9850EF055F2}.Debug|Any CPU.ActiveCfg = Debug|Any CPU
		{9984B63A-149E-4A3F-A436-C9850EF055F2}.Debug|Any CPU.Build.0 = Debug|Any CPU
		{9984B63A-149E-4A3F-A436-C9850EF055F2}.Release|Any CPU.ActiveCfg = Release|Any CPU
		{9984B63A-149E-4A3F-A436-C9850EF055F2}.Release|Any CPU.Build.0 = Release|Any CPU
		{32185C3F-3D39-4088-A011-1F01555D9C74}.Debug|Any CPU.ActiveCfg = Debug|Any CPU
		{32185C3F-3D39-4088-A011-1F01555D9C74}.Debug|Any CPU.Build.0 = Debug|Any CPU
		{32185C3F-3D39-4088-A011-1F01555D9C74}.Release|Any CPU.ActiveCfg = Release|Any CPU
		{32185C3F-3D39-4088-A011-1F01555D9C74}.Release|Any CPU.Build.0 = Release|Any CPU
		{991EDD38-5FAF-4712-84DB-BF66F17F3FFB}.Debug|Any CPU.ActiveCfg = Debug|Any CPU
		{991EDD38-5FAF-4712-84DB-BF66F17F3FFB}.Debug|Any CPU.Build.0 = Debug|Any CPU
		{991EDD38-5FAF-4712-84DB-BF66F17F3FFB}.Release|Any CPU.ActiveCfg = Release|Any CPU
		{991EDD38-5FAF-4712-84DB-BF66F17F3FFB}.Release|Any CPU.Build.0 = Release|Any CPU
	EndGlobalSection
	GlobalSection(SolutionProperties) = preSolution
		HideSolutionNode = FALSE
	EndGlobalSection
	GlobalSection(ExtensibilityGlobals) = postSolution
		SolutionGuid = {157C319E-C2FC-4D9E-AADE-EB0FCA3648D1}
	EndGlobalSection
EndGlobal
